// !$*UTF8*$!
{
	archiveVersion = 1;
	classes = {
	};
	objectVersion = 46;
	objects = {

/* Begin PBXBuildFile section */
		4D0635F01E5B1E6E00BE4ED1 /* AppDelegate.swift in Sources */ = {isa = PBXBuildFile; fileRef = 4D0635EF1E5B1E6E00BE4ED1 /* AppDelegate.swift */; };
		4D0635F21E5B1E6E00BE4ED1 /* DayViewController.swift in Sources */ = {isa = PBXBuildFile; fileRef = 4D0635F11E5B1E6E00BE4ED1 /* DayViewController.swift */; };
		4D0635F41E5B1E6E00BE4ED1 /* NightViewController.swift in Sources */ = {isa = PBXBuildFile; fileRef = 4D0635F31E5B1E6E00BE4ED1 /* NightViewController.swift */; };
		4D0635F71E5B1E6E00BE4ED1 /* Main.storyboard in Resources */ = {isa = PBXBuildFile; fileRef = 4D0635F51E5B1E6E00BE4ED1 /* Main.storyboard */; };
		4D0635F91E5B1E6E00BE4ED1 /* Assets.xcassets in Resources */ = {isa = PBXBuildFile; fileRef = 4D0635F81E5B1E6E00BE4ED1 /* Assets.xcassets */; };
		4D0635FC1E5B1E6E00BE4ED1 /* LaunchScreen.storyboard in Resources */ = {isa = PBXBuildFile; fileRef = 4D0635FA1E5B1E6E00BE4ED1 /* LaunchScreen.storyboard */; };
		4D0636171E5B1FAC00BE4ED1 /* BackgroundStars.png in Resources */ = {isa = PBXBuildFile; fileRef = 4D0636151E5B1FAC00BE4ED1 /* BackgroundStars.png */; };
		4D06361C1E5B20EB00BE4ED1 /* ConditionKeyEnum.swift in Sources */ = {isa = PBXBuildFile; fileRef = 4D06361B1E5B20EB00BE4ED1 /* ConditionKeyEnum.swift */; };
		4D0637441E5B32A800BE4ED1 /* BackgroundCloud.jpg in Resources */ = {isa = PBXBuildFile; fileRef = 4D0637431E5B32A800BE4ED1 /* BackgroundCloud.jpg */; };
		4D0637481E5B477800BE4ED1 /* QuestionMark.png in Resources */ = {isa = PBXBuildFile; fileRef = 4D0637471E5B477800BE4ED1 /* QuestionMark.png */; };
		4D9C5F7C1E5DAD6F0008E531 /* averses-de-neige-faible.png in Resources */ = {isa = PBXBuildFile; fileRef = 4D9C5F571E5DAD6F0008E531 /* averses-de-neige-faible.png */; };
		4D9C5F7D1E5DAD6F0008E531 /* averses-de-pluie-faible.png in Resources */ = {isa = PBXBuildFile; fileRef = 4D9C5F581E5DAD6F0008E531 /* averses-de-pluie-faible.png */; };
		4D9C5F7E1E5DAD6F0008E531 /* averses-de-pluie-forte.png in Resources */ = {isa = PBXBuildFile; fileRef = 4D9C5F591E5DAD6F0008E531 /* averses-de-pluie-forte.png */; };
		4D9C5F7F1E5DAD6F0008E531 /* averses-de-pluie-moderee.png in Resources */ = {isa = PBXBuildFile; fileRef = 4D9C5F5A1E5DAD6F0008E531 /* averses-de-pluie-moderee.png */; };
		4D9C5F801E5DAD6F0008E531 /* brouillard.png in Resources */ = {isa = PBXBuildFile; fileRef = 4D9C5F5B1E5DAD6F0008E531 /* brouillard.png */; };
		4D9C5F811E5DAD6F0008E531 /* ciel-voile.png in Resources */ = {isa = PBXBuildFile; fileRef = 4D9C5F5C1E5DAD6F0008E531 /* ciel-voile.png */; };
		4D9C5F821E5DAD6F0008E531 /* couvert-avec-averses.png in Resources */ = {isa = PBXBuildFile; fileRef = 4D9C5F5D1E5DAD6F0008E531 /* couvert-avec-averses.png */; };
		4D9C5F831E5DAD6F0008E531 /* developpement-nuageux.png in Resources */ = {isa = PBXBuildFile; fileRef = 4D9C5F5E1E5DAD6F0008E531 /* developpement-nuageux.png */; };
		4D9C5F841E5DAD6F0008E531 /* eclaircies.png in Resources */ = {isa = PBXBuildFile; fileRef = 4D9C5F5F1E5DAD6F0008E531 /* eclaircies.png */; };
		4D9C5F851E5DAD6F0008E531 /* ensoleille.png in Resources */ = {isa = PBXBuildFile; fileRef = 4D9C5F601E5DAD6F0008E531 /* ensoleille.png */; };
		4D9C5F861E5DAD6F0008E531 /* faiblement-nuageux.png in Resources */ = {isa = PBXBuildFile; fileRef = 4D9C5F611E5DAD6F0008E531 /* faiblement-nuageux.png */; };
		4D9C5F871E5DAD6F0008E531 /* faiblement-orageux.png in Resources */ = {isa = PBXBuildFile; fileRef = 4D9C5F621E5DAD6F0008E531 /* faiblement-orageux.png */; };
		4D9C5F881E5DAD6F0008E531 /* faibles-passages-nuageux.png in Resources */ = {isa = PBXBuildFile; fileRef = 4D9C5F631E5DAD6F0008E531 /* faibles-passages-nuageux.png */; };
		4D9C5F891E5DAD6F0008E531 /* fortement-nuageux.png in Resources */ = {isa = PBXBuildFile; fileRef = 4D9C5F641E5DAD6F0008E531 /* fortement-nuageux.png */; };
		4D9C5F8A1E5DAD6F0008E531 /* fortement-orageux.png in Resources */ = {isa = PBXBuildFile; fileRef = 4D9C5F651E5DAD6F0008E531 /* fortement-orageux.png */; };
		4D9C5F8B1E5DAD6F0008E531 /* neige-faible.png in Resources */ = {isa = PBXBuildFile; fileRef = 4D9C5F661E5DAD6F0008E531 /* neige-faible.png */; };
		4D9C5F8C1E5DAD6F0008E531 /* neige-forte.png in Resources */ = {isa = PBXBuildFile; fileRef = 4D9C5F671E5DAD6F0008E531 /* neige-forte.png */; };
		4D9C5F8D1E5DAD6F0008E531 /* neige-moderee.png in Resources */ = {isa = PBXBuildFile; fileRef = 4D9C5F681E5DAD6F0008E531 /* neige-moderee.png */; };
		4D9C5F8E1E5DAD6F0008E531 /* nuit-avec-averses-de-neige-faible.png in Resources */ = {isa = PBXBuildFile; fileRef = 4D9C5F691E5DAD6F0008E531 /* nuit-avec-averses-de-neige-faible.png */; };
		4D9C5F8F1E5DAD6F0008E531 /* nuit-avec-averses.png in Resources */ = {isa = PBXBuildFile; fileRef = 4D9C5F6A1E5DAD6F0008E531 /* nuit-avec-averses.png */; };
		4D9C5F901E5DAD6F0008E531 /* nuit-avec-developpement-nuageux.png in Resources */ = {isa = PBXBuildFile; fileRef = 4D9C5F6B1E5DAD6F0008E531 /* nuit-avec-developpement-nuageux.png */; };
		4D9C5F911E5DAD6F0008E531 /* nuit-bien-degagee.png in Resources */ = {isa = PBXBuildFile; fileRef = 4D9C5F6C1E5DAD6F0008E531 /* nuit-bien-degagee.png */; };
		4D9C5F921E5DAD6F0008E531 /* nuit-claire-et-stratus.png in Resources */ = {isa = PBXBuildFile; fileRef = 4D9C5F6D1E5DAD6F0008E531 /* nuit-claire-et-stratus.png */; };
		4D9C5F931E5DAD6F0008E531 /* nuit-claire.png in Resources */ = {isa = PBXBuildFile; fileRef = 4D9C5F6E1E5DAD6F0008E531 /* nuit-claire.png */; };
		4D9C5F941E5DAD6F0008E531 /* nuit-faiblement-orageuse.png in Resources */ = {isa = PBXBuildFile; fileRef = 4D9C5F6F1E5DAD6F0008E531 /* nuit-faiblement-orageuse.png */; };
		4D9C5F951E5DAD6F0008E531 /* nuit-legerement-voilee.png in Resources */ = {isa = PBXBuildFile; fileRef = 4D9C5F701E5DAD6F0008E531 /* nuit-legerement-voilee.png */; };
		4D9C5F961E5DAD6F0008E531 /* nuit-nuageuse.png in Resources */ = {isa = PBXBuildFile; fileRef = 4D9C5F711E5DAD6F0008E531 /* nuit-nuageuse.png */; };
		4D9C5F971E5DAD6F0008E531 /* orage-modere.png in Resources */ = {isa = PBXBuildFile; fileRef = 4D9C5F721E5DAD6F0008E531 /* orage-modere.png */; };
		4D9C5F981E5DAD6F0008E531 /* pluie-et-neige-melee-faible.png in Resources */ = {isa = PBXBuildFile; fileRef = 4D9C5F731E5DAD6F0008E531 /* pluie-et-neige-melee-faible.png */; };
		4D9C5F991E5DAD6F0008E531 /* pluie-et-neige-melee-forte.png in Resources */ = {isa = PBXBuildFile; fileRef = 4D9C5F741E5DAD6F0008E531 /* pluie-et-neige-melee-forte.png */; };
		4D9C5F9A1E5DAD6F0008E531 /* pluie-et-neige-melee-moderee.png in Resources */ = {isa = PBXBuildFile; fileRef = 4D9C5F751E5DAD6F0008E531 /* pluie-et-neige-melee-moderee.png */; };
		4D9C5F9B1E5DAD6F0008E531 /* pluie-et-neige-melee.png in Resources */ = {isa = PBXBuildFile; fileRef = 4D9C5F761E5DAD6F0008E531 /* pluie-et-neige-melee.png */; };
		4D9C5F9C1E5DAD6F0008E531 /* pluie-faible.png in Resources */ = {isa = PBXBuildFile; fileRef = 4D9C5F771E5DAD6F0008E531 /* pluie-faible.png */; };
		4D9C5F9D1E5DAD6F0008E531 /* pluie-forte.png in Resources */ = {isa = PBXBuildFile; fileRef = 4D9C5F781E5DAD6F0008E531 /* pluie-forte.png */; };
		4D9C5F9E1E5DAD6F0008E531 /* pluie-moderee.png in Resources */ = {isa = PBXBuildFile; fileRef = 4D9C5F791E5DAD6F0008E531 /* pluie-moderee.png */; };
		4D9C5F9F1E5DAD6F0008E531 /* stratus-se-dissipant.png in Resources */ = {isa = PBXBuildFile; fileRef = 4D9C5F7A1E5DAD6F0008E531 /* stratus-se-dissipant.png */; };
		4D9C5FA01E5DAD6F0008E531 /* stratus.png in Resources */ = {isa = PBXBuildFile; fileRef = 4D9C5F7B1E5DAD6F0008E531 /* stratus.png */; };
		4D9C5FA31E5DAD850008E531 /* BackgroundClear.png in Resources */ = {isa = PBXBuildFile; fileRef = 4D9C5FA11E5DAD850008E531 /* BackgroundClear.png */; };
		4D9C5FA41E5DAD850008E531 /* BackgroundCloudy.png in Resources */ = {isa = PBXBuildFile; fileRef = 4D9C5FA21E5DAD850008E531 /* BackgroundCloudy.png */; };
		4D9C5FA81E5DAEAD0008E531 /* ImagesManager.swift in Sources */ = {isa = PBXBuildFile; fileRef = 4D9C5FA71E5DAEAD0008E531 /* ImagesManager.swift */; };
/* End PBXBuildFile section */

/* Begin PBXFileReference section */
		4D0635EC1E5B1E6E00BE4ED1 /* MCImagesTester.app */ = {isa = PBXFileReference; explicitFileType = wrapper.application; includeInIndex = 0; path = MCImagesTester.app; sourceTree = BUILT_PRODUCTS_DIR; };
		4D0635EF1E5B1E6E00BE4ED1 /* AppDelegate.swift */ = {isa = PBXFileReference; lastKnownFileType = sourcecode.swift; path = AppDelegate.swift; sourceTree = "<group>"; };
		4D0635F11E5B1E6E00BE4ED1 /* DayViewController.swift */ = {isa = PBXFileReference; lastKnownFileType = sourcecode.swift; path = DayViewController.swift; sourceTree = "<group>"; };
		4D0635F31E5B1E6E00BE4ED1 /* NightViewController.swift */ = {isa = PBXFileReference; lastKnownFileType = sourcecode.swift; path = NightViewController.swift; sourceTree = "<group>"; };
		4D0635F61E5B1E6E00BE4ED1 /* Base */ = {isa = PBXFileReference; lastKnownFileType = file.storyboard; name = Base; path = Base.lproj/Main.storyboard; sourceTree = "<group>"; };
		4D0635F81E5B1E6E00BE4ED1 /* Assets.xcassets */ = {isa = PBXFileReference; lastKnownFileType = folder.assetcatalog; path = Assets.xcassets; sourceTree = "<group>"; };
		4D0635FB1E5B1E6E00BE4ED1 /* Base */ = {isa = PBXFileReference; lastKnownFileType = file.storyboard; name = Base; path = Base.lproj/LaunchScreen.storyboard; sourceTree = "<group>"; };
		4D0635FD1E5B1E6E00BE4ED1 /* Info.plist */ = {isa = PBXFileReference; lastKnownFileType = text.plist.xml; path = Info.plist; sourceTree = "<group>"; };
		4D0636151E5B1FAC00BE4ED1 /* BackgroundStars.png */ = {isa = PBXFileReference; lastKnownFileType = image.png; path = BackgroundStars.png; sourceTree = "<group>"; };
		4D06361B1E5B20EB00BE4ED1 /* ConditionKeyEnum.swift */ = {isa = PBXFileReference; fileEncoding = 4; lastKnownFileType = sourcecode.swift; path = ConditionKeyEnum.swift; sourceTree = "<group>"; };
		4D0637431E5B32A800BE4ED1 /* BackgroundCloud.jpg */ = {isa = PBXFileReference; lastKnownFileType = image.jpeg; path = BackgroundCloud.jpg; sourceTree = "<group>"; };
		4D0637471E5B477800BE4ED1 /* QuestionMark.png */ = {isa = PBXFileReference; lastKnownFileType = image.png; path = QuestionMark.png; sourceTree = "<group>"; };
		4D9C5F571E5DAD6F0008E531 /* averses-de-neige-faible.png */ = {isa = PBXFileReference; lastKnownFileType = image.png; path = "averses-de-neige-faible.png"; sourceTree = "<group>"; };
		4D9C5F581E5DAD6F0008E531 /* averses-de-pluie-faible.png */ = {isa = PBXFileReference; lastKnownFileType = image.png; path = "averses-de-pluie-faible.png"; sourceTree = "<group>"; };
		4D9C5F591E5DAD6F0008E531 /* averses-de-pluie-forte.png */ = {isa = PBXFileReference; lastKnownFileType = image.png; path = "averses-de-pluie-forte.png"; sourceTree = "<group>"; };
		4D9C5F5A1E5DAD6F0008E531 /* averses-de-pluie-moderee.png */ = {isa = PBXFileReference; lastKnownFileType = image.png; path = "averses-de-pluie-moderee.png"; sourceTree = "<group>"; };
		4D9C5F5B1E5DAD6F0008E531 /* brouillard.png */ = {isa = PBXFileReference; lastKnownFileType = image.png; path = brouillard.png; sourceTree = "<group>"; };
		4D9C5F5C1E5DAD6F0008E531 /* ciel-voile.png */ = {isa = PBXFileReference; lastKnownFileType = image.png; path = "ciel-voile.png"; sourceTree = "<group>"; };
		4D9C5F5D1E5DAD6F0008E531 /* couvert-avec-averses.png */ = {isa = PBXFileReference; lastKnownFileType = image.png; path = "couvert-avec-averses.png"; sourceTree = "<group>"; };
		4D9C5F5E1E5DAD6F0008E531 /* developpement-nuageux.png */ = {isa = PBXFileReference; lastKnownFileType = image.png; path = "developpement-nuageux.png"; sourceTree = "<group>"; };
		4D9C5F5F1E5DAD6F0008E531 /* eclaircies.png */ = {isa = PBXFileReference; lastKnownFileType = image.png; path = eclaircies.png; sourceTree = "<group>"; };
		4D9C5F601E5DAD6F0008E531 /* ensoleille.png */ = {isa = PBXFileReference; lastKnownFileType = image.png; path = ensoleille.png; sourceTree = "<group>"; };
		4D9C5F611E5DAD6F0008E531 /* faiblement-nuageux.png */ = {isa = PBXFileReference; lastKnownFileType = image.png; path = "faiblement-nuageux.png"; sourceTree = "<group>"; };
		4D9C5F621E5DAD6F0008E531 /* faiblement-orageux.png */ = {isa = PBXFileReference; lastKnownFileType = image.png; path = "faiblement-orageux.png"; sourceTree = "<group>"; };
		4D9C5F631E5DAD6F0008E531 /* faibles-passages-nuageux.png */ = {isa = PBXFileReference; lastKnownFileType = image.png; path = "faibles-passages-nuageux.png"; sourceTree = "<group>"; };
		4D9C5F641E5DAD6F0008E531 /* fortement-nuageux.png */ = {isa = PBXFileReference; lastKnownFileType = image.png; path = "fortement-nuageux.png"; sourceTree = "<group>"; };
		4D9C5F651E5DAD6F0008E531 /* fortement-orageux.png */ = {isa = PBXFileReference; lastKnownFileType = image.png; path = "fortement-orageux.png"; sourceTree = "<group>"; };
		4D9C5F661E5DAD6F0008E531 /* neige-faible.png */ = {isa = PBXFileReference; lastKnownFileType = image.png; path = "neige-faible.png"; sourceTree = "<group>"; };
		4D9C5F671E5DAD6F0008E531 /* neige-forte.png */ = {isa = PBXFileReference; lastKnownFileType = image.png; path = "neige-forte.png"; sourceTree = "<group>"; };
		4D9C5F681E5DAD6F0008E531 /* neige-moderee.png */ = {isa = PBXFileReference; lastKnownFileType = image.png; path = "neige-moderee.png"; sourceTree = "<group>"; };
		4D9C5F691E5DAD6F0008E531 /* nuit-avec-averses-de-neige-faible.png */ = {isa = PBXFileReference; lastKnownFileType = image.png; path = "nuit-avec-averses-de-neige-faible.png"; sourceTree = "<group>"; };
		4D9C5F6A1E5DAD6F0008E531 /* nuit-avec-averses.png */ = {isa = PBXFileReference; lastKnownFileType = image.png; path = "nuit-avec-averses.png"; sourceTree = "<group>"; };
		4D9C5F6B1E5DAD6F0008E531 /* nuit-avec-developpement-nuageux.png */ = {isa = PBXFileReference; lastKnownFileType = image.png; path = "nuit-avec-developpement-nuageux.png"; sourceTree = "<group>"; };
		4D9C5F6C1E5DAD6F0008E531 /* nuit-bien-degagee.png */ = {isa = PBXFileReference; lastKnownFileType = image.png; path = "nuit-bien-degagee.png"; sourceTree = "<group>"; };
		4D9C5F6D1E5DAD6F0008E531 /* nuit-claire-et-stratus.png */ = {isa = PBXFileReference; lastKnownFileType = image.png; path = "nuit-claire-et-stratus.png"; sourceTree = "<group>"; };
		4D9C5F6E1E5DAD6F0008E531 /* nuit-claire.png */ = {isa = PBXFileReference; lastKnownFileType = image.png; path = "nuit-claire.png"; sourceTree = "<group>"; };
		4D9C5F6F1E5DAD6F0008E531 /* nuit-faiblement-orageuse.png */ = {isa = PBXFileReference; lastKnownFileType = image.png; path = "nuit-faiblement-orageuse.png"; sourceTree = "<group>"; };
		4D9C5F701E5DAD6F0008E531 /* nuit-legerement-voilee.png */ = {isa = PBXFileReference; lastKnownFileType = image.png; path = "nuit-legerement-voilee.png"; sourceTree = "<group>"; };
		4D9C5F711E5DAD6F0008E531 /* nuit-nuageuse.png */ = {isa = PBXFileReference; lastKnownFileType = image.png; path = "nuit-nuageuse.png"; sourceTree = "<group>"; };
		4D9C5F721E5DAD6F0008E531 /* orage-modere.png */ = {isa = PBXFileReference; lastKnownFileType = image.png; path = "orage-modere.png"; sourceTree = "<group>"; };
		4D9C5F731E5DAD6F0008E531 /* pluie-et-neige-melee-faible.png */ = {isa = PBXFileReference; lastKnownFileType = image.png; path = "pluie-et-neige-melee-faible.png"; sourceTree = "<group>"; };
		4D9C5F741E5DAD6F0008E531 /* pluie-et-neige-melee-forte.png */ = {isa = PBXFileReference; lastKnownFileType = image.png; path = "pluie-et-neige-melee-forte.png"; sourceTree = "<group>"; };
		4D9C5F751E5DAD6F0008E531 /* pluie-et-neige-melee-moderee.png */ = {isa = PBXFileReference; lastKnownFileType = image.png; path = "pluie-et-neige-melee-moderee.png"; sourceTree = "<group>"; };
		4D9C5F761E5DAD6F0008E531 /* pluie-et-neige-melee.png */ = {isa = PBXFileReference; lastKnownFileType = image.png; path = "pluie-et-neige-melee.png"; sourceTree = "<group>"; };
		4D9C5F771E5DAD6F0008E531 /* pluie-faible.png */ = {isa = PBXFileReference; lastKnownFileType = image.png; path = "pluie-faible.png"; sourceTree = "<group>"; };
		4D9C5F781E5DAD6F0008E531 /* pluie-forte.png */ = {isa = PBXFileReference; lastKnownFileType = image.png; path = "pluie-forte.png"; sourceTree = "<group>"; };
		4D9C5F791E5DAD6F0008E531 /* pluie-moderee.png */ = {isa = PBXFileReference; lastKnownFileType = image.png; path = "pluie-moderee.png"; sourceTree = "<group>"; };
		4D9C5F7A1E5DAD6F0008E531 /* stratus-se-dissipant.png */ = {isa = PBXFileReference; lastKnownFileType = image.png; path = "stratus-se-dissipant.png"; sourceTree = "<group>"; };
		4D9C5F7B1E5DAD6F0008E531 /* stratus.png */ = {isa = PBXFileReference; lastKnownFileType = image.png; path = stratus.png; sourceTree = "<group>"; };
		4D9C5FA11E5DAD850008E531 /* BackgroundClear.png */ = {isa = PBXFileReference; lastKnownFileType = image.png; path = BackgroundClear.png; sourceTree = "<group>"; };
		4D9C5FA21E5DAD850008E531 /* BackgroundCloudy.png */ = {isa = PBXFileReference; lastKnownFileType = image.png; path = BackgroundCloudy.png; sourceTree = "<group>"; };
		4D9C5FA71E5DAEAD0008E531 /* ImagesManager.swift */ = {isa = PBXFileReference; fileEncoding = 4; lastKnownFileType = sourcecode.swift; path = ImagesManager.swift; sourceTree = "<group>"; };
/* End PBXFileReference section */

/* Begin PBXFrameworksBuildPhase section */
		4D0635E91E5B1E6E00BE4ED1 /* Frameworks */ = {
			isa = PBXFrameworksBuildPhase;
			buildActionMask = 2147483647;
			files = (
			);
			runOnlyForDeploymentPostprocessing = 0;
		};
/* End PBXFrameworksBuildPhase section */

/* Begin PBXGroup section */
		4D0635E31E5B1E6E00BE4ED1 = {
			isa = PBXGroup;
			children = (
				4D0635EE1E5B1E6E00BE4ED1 /* MCImagesTester */,
				4D0635ED1E5B1E6E00BE4ED1 /* Products */,
			);
			sourceTree = "<group>";
		};
		4D0635ED1E5B1E6E00BE4ED1 /* Products */ = {
			isa = PBXGroup;
			children = (
				4D0635EC1E5B1E6E00BE4ED1 /* MCImagesTester.app */,
			);
			name = Products;
			sourceTree = "<group>";
		};
		4D0635EE1E5B1E6E00BE4ED1 /* MCImagesTester */ = {
			isa = PBXGroup;
			children = (
				4D9C5FA91E5DB33C0008E531 /* Background */,
				4D0636181E5B20AE00BE4ED1 /* Code */,
				4D0636131E5B1F6B00BE4ED1 /* OthersPictures */,
				4D0636121E5B1EBF00BE4ED1 /* TrendsPictures */,
				4D0636111E5B1EA600BE4ED1 /* Controllers */,
				4D0635EF1E5B1E6E00BE4ED1 /* AppDelegate.swift */,
				4D0635F51E5B1E6E00BE4ED1 /* Main.storyboard */,
				4D0635F81E5B1E6E00BE4ED1 /* Assets.xcassets */,
				4D0635FA1E5B1E6E00BE4ED1 /* LaunchScreen.storyboard */,
				4D0635FD1E5B1E6E00BE4ED1 /* Info.plist */,
			);
			path = MCImagesTester;
			sourceTree = "<group>";
		};
		4D0636111E5B1EA600BE4ED1 /* Controllers */ = {
			isa = PBXGroup;
			children = (
				4D0635F11E5B1E6E00BE4ED1 /* DayViewController.swift */,
				4D0635F31E5B1E6E00BE4ED1 /* NightViewController.swift */,
			);
			name = Controllers;
			sourceTree = "<group>";
		};
		4D0636121E5B1EBF00BE4ED1 /* TrendsPictures */ = {
			isa = PBXGroup;
			children = (
				4D9C5F571E5DAD6F0008E531 /* averses-de-neige-faible.png */,
				4D9C5F581E5DAD6F0008E531 /* averses-de-pluie-faible.png */,
				4D9C5F591E5DAD6F0008E531 /* averses-de-pluie-forte.png */,
				4D9C5F5A1E5DAD6F0008E531 /* averses-de-pluie-moderee.png */,
				4D9C5F5B1E5DAD6F0008E531 /* brouillard.png */,
				4D9C5F5C1E5DAD6F0008E531 /* ciel-voile.png */,
				4D9C5F5D1E5DAD6F0008E531 /* couvert-avec-averses.png */,
				4D9C5F5E1E5DAD6F0008E531 /* developpement-nuageux.png */,
				4D9C5F5F1E5DAD6F0008E531 /* eclaircies.png */,
				4D9C5F601E5DAD6F0008E531 /* ensoleille.png */,
				4D9C5F611E5DAD6F0008E531 /* faiblement-nuageux.png */,
				4D9C5F621E5DAD6F0008E531 /* faiblement-orageux.png */,
				4D9C5F631E5DAD6F0008E531 /* faibles-passages-nuageux.png */,
				4D9C5F641E5DAD6F0008E531 /* fortement-nuageux.png */,
				4D9C5F651E5DAD6F0008E531 /* fortement-orageux.png */,
				4D9C5F661E5DAD6F0008E531 /* neige-faible.png */,
				4D9C5F671E5DAD6F0008E531 /* neige-forte.png */,
				4D9C5F681E5DAD6F0008E531 /* neige-moderee.png */,
				4D9C5F691E5DAD6F0008E531 /* nuit-avec-averses-de-neige-faible.png */,
				4D9C5F6A1E5DAD6F0008E531 /* nuit-avec-averses.png */,
				4D9C5F6B1E5DAD6F0008E531 /* nuit-avec-developpement-nuageux.png */,
				4D9C5F6C1E5DAD6F0008E531 /* nuit-bien-degagee.png */,
				4D9C5F6D1E5DAD6F0008E531 /* nuit-claire-et-stratus.png */,
				4D9C5F6E1E5DAD6F0008E531 /* nuit-claire.png */,
				4D9C5F6F1E5DAD6F0008E531 /* nuit-faiblement-orageuse.png */,
				4D9C5F701E5DAD6F0008E531 /* nuit-legerement-voilee.png */,
				4D9C5F711E5DAD6F0008E531 /* nuit-nuageuse.png */,
				4D9C5F721E5DAD6F0008E531 /* orage-modere.png */,
				4D9C5F731E5DAD6F0008E531 /* pluie-et-neige-melee-faible.png */,
				4D9C5F741E5DAD6F0008E531 /* pluie-et-neige-melee-forte.png */,
				4D9C5F751E5DAD6F0008E531 /* pluie-et-neige-melee-moderee.png */,
				4D9C5F761E5DAD6F0008E531 /* pluie-et-neige-melee.png */,
				4D9C5F771E5DAD6F0008E531 /* pluie-faible.png */,
				4D9C5F781E5DAD6F0008E531 /* pluie-forte.png */,
				4D9C5F791E5DAD6F0008E531 /* pluie-moderee.png */,
				4D9C5F7A1E5DAD6F0008E531 /* stratus-se-dissipant.png */,
				4D9C5F7B1E5DAD6F0008E531 /* stratus.png */,
			);
			name = TrendsPictures;
			sourceTree = "<group>";
		};
		4D0636131E5B1F6B00BE4ED1 /* OthersPictures */ = {
			isa = PBXGroup;
			children = (
				4D0637471E5B477800BE4ED1 /* QuestionMark.png */,
			);
			name = OthersPictures;
			sourceTree = "<group>";
		};
		4D0636181E5B20AE00BE4ED1 /* Code */ = {
			isa = PBXGroup;
			children = (
				4D9C5FA71E5DAEAD0008E531 /* ImagesManager.swift */,
				4D06361B1E5B20EB00BE4ED1 /* ConditionKeyEnum.swift */,
			);
			name = Code;
			sourceTree = "<group>";
		};
		4D9C5FA91E5DB33C0008E531 /* Background */ = {
			isa = PBXGroup;
			children = (
				4D9C5FA11E5DAD850008E531 /* BackgroundClear.png */,
				4D9C5FA21E5DAD850008E531 /* BackgroundCloudy.png */,
				4D0637431E5B32A800BE4ED1 /* BackgroundCloud.jpg */,
				4D0636151E5B1FAC00BE4ED1 /* BackgroundStars.png */,
			);
			name = Background;
			sourceTree = "<group>";
		};
/* End PBXGroup section */

/* Begin PBXNativeTarget section */
		4D0635EB1E5B1E6E00BE4ED1 /* MCImagesTester */ = {
			isa = PBXNativeTarget;
			buildConfigurationList = 4D06360B1E5B1E6E00BE4ED1 /* Build configuration list for PBXNativeTarget "MCImagesTester" */;
			buildPhases = (
				4D0635E81E5B1E6E00BE4ED1 /* Sources */,
				4D0635E91E5B1E6E00BE4ED1 /* Frameworks */,
				4D0635EA1E5B1E6E00BE4ED1 /* Resources */,
			);
			buildRules = (
			);
			dependencies = (
			);
			name = MCImagesTester;
			productName = MCImagesTester;
			productReference = 4D0635EC1E5B1E6E00BE4ED1 /* MCImagesTester.app */;
			productType = "com.apple.product-type.application";
		};
/* End PBXNativeTarget section */

/* Begin PBXProject section */
		4D0635E41E5B1E6E00BE4ED1 /* Project object */ = {
			isa = PBXProject;
			attributes = {
				LastSwiftUpdateCheck = 0820;
				LastUpgradeCheck = 0820;
				ORGANIZATIONNAME = Laurent68k;
				TargetAttributes = {
					4D0635EB1E5B1E6E00BE4ED1 = {
						CreatedOnToolsVersion = 8.2.1;
						DevelopmentTeam = C9FE5BQ3MH;
						ProvisioningStyle = Automatic;
					};
				};
			};
			buildConfigurationList = 4D0635E71E5B1E6E00BE4ED1 /* Build configuration list for PBXProject "MCImagesTester" */;
			compatibilityVersion = "Xcode 3.2";
			developmentRegion = English;
			hasScannedForEncodings = 0;
			knownRegions = (
				en,
				Base,
			);
			mainGroup = 4D0635E31E5B1E6E00BE4ED1;
			productRefGroup = 4D0635ED1E5B1E6E00BE4ED1 /* Products */;
			projectDirPath = "";
			projectRoot = "";
			targets = (
				4D0635EB1E5B1E6E00BE4ED1 /* MCImagesTester */,
			);
		};
/* End PBXProject section */

/* Begin PBXResourcesBuildPhase section */
		4D0635EA1E5B1E6E00BE4ED1 /* Resources */ = {
			isa = PBXResourcesBuildPhase;
			buildActionMask = 2147483647;
			files = (
				4D0635FC1E5B1E6E00BE4ED1 /* LaunchScreen.storyboard in Resources */,
				4D9C5FA31E5DAD850008E531 /* BackgroundClear.png in Resources */,
				4D9C5F901E5DAD6F0008E531 /* nuit-avec-developpement-nuageux.png in Resources */,
				4D9C5F7E1E5DAD6F0008E531 /* averses-de-pluie-forte.png in Resources */,
				4D0637481E5B477800BE4ED1 /* QuestionMark.png in Resources */,
				4D9C5F9F1E5DAD6F0008E531 /* stratus-se-dissipant.png in Resources */,
				4D9C5F7D1E5DAD6F0008E531 /* averses-de-pluie-faible.png in Resources */,
				4D9C5F951E5DAD6F0008E531 /* nuit-legerement-voilee.png in Resources */,
				4D9C5F891E5DAD6F0008E531 /* fortement-nuageux.png in Resources */,
				4D9C5F7C1E5DAD6F0008E531 /* averses-de-neige-faible.png in Resources */,
				4D9C5FA41E5DAD850008E531 /* BackgroundCloudy.png in Resources */,
				4D9C5F961E5DAD6F0008E531 /* nuit-nuageuse.png in Resources */,
				4D9C5F921E5DAD6F0008E531 /* nuit-claire-et-stratus.png in Resources */,
				4D9C5F991E5DAD6F0008E531 /* pluie-et-neige-melee-forte.png in Resources */,
				4D9C5F841E5DAD6F0008E531 /* eclaircies.png in Resources */,
				4D9C5F8C1E5DAD6F0008E531 /* neige-forte.png in Resources */,
				4D9C5F8B1E5DAD6F0008E531 /* neige-faible.png in Resources */,
				4D9C5F861E5DAD6F0008E531 /* faiblement-nuageux.png in Resources */,
				4D9C5FA01E5DAD6F0008E531 /* stratus.png in Resources */,
				4D0635F91E5B1E6E00BE4ED1 /* Assets.xcassets in Resources */,
				4D9C5F9D1E5DAD6F0008E531 /* pluie-forte.png in Resources */,
				4D9C5F971E5DAD6F0008E531 /* orage-modere.png in Resources */,
				4D0636171E5B1FAC00BE4ED1 /* BackgroundStars.png in Resources */,
				4D9C5F931E5DAD6F0008E531 /* nuit-claire.png in Resources */,
				4D9C5F8A1E5DAD6F0008E531 /* fortement-orageux.png in Resources */,
				4D9C5F821E5DAD6F0008E531 /* couvert-avec-averses.png in Resources */,
				4D0637441E5B32A800BE4ED1 /* BackgroundCloud.jpg in Resources */,
				4D9C5F811E5DAD6F0008E531 /* ciel-voile.png in Resources */,
				4D9C5F851E5DAD6F0008E531 /* ensoleille.png in Resources */,
				4D9C5F871E5DAD6F0008E531 /* faiblement-orageux.png in Resources */,
				4D9C5F8E1E5DAD6F0008E531 /* nuit-avec-averses-de-neige-faible.png in Resources */,
				4D9C5F9B1E5DAD6F0008E531 /* pluie-et-neige-melee.png in Resources */,
				4D9C5F9E1E5DAD6F0008E531 /* pluie-moderee.png in Resources */,
				4D9C5F881E5DAD6F0008E531 /* faibles-passages-nuageux.png in Resources */,
				4D9C5F831E5DAD6F0008E531 /* developpement-nuageux.png in Resources */,
				4D9C5F801E5DAD6F0008E531 /* brouillard.png in Resources */,
				4D9C5F981E5DAD6F0008E531 /* pluie-et-neige-melee-faible.png in Resources */,
				4D9C5F911E5DAD6F0008E531 /* nuit-bien-degagee.png in Resources */,
				4D9C5F941E5DAD6F0008E531 /* nuit-faiblement-orageuse.png in Resources */,
				4D9C5F9C1E5DAD6F0008E531 /* pluie-faible.png in Resources */,
				4D9C5F8F1E5DAD6F0008E531 /* nuit-avec-averses.png in Resources */,
				4D0635F71E5B1E6E00BE4ED1 /* Main.storyboard in Resources */,
				4D9C5F8D1E5DAD6F0008E531 /* neige-moderee.png in Resources */,
				4D9C5F9A1E5DAD6F0008E531 /* pluie-et-neige-melee-moderee.png in Resources */,
				4D9C5F7F1E5DAD6F0008E531 /* averses-de-pluie-moderee.png in Resources */,
			);
			runOnlyForDeploymentPostprocessing = 0;
		};
/* End PBXResourcesBuildPhase section */

/* Begin PBXSourcesBuildPhase section */
		4D0635E81E5B1E6E00BE4ED1 /* Sources */ = {
			isa = PBXSourcesBuildPhase;
			buildActionMask = 2147483647;
			files = (
				4D0635F41E5B1E6E00BE4ED1 /* NightViewController.swift in Sources */,
				4D9C5FA81E5DAEAD0008E531 /* ImagesManager.swift in Sources */,
				4D0635F01E5B1E6E00BE4ED1 /* AppDelegate.swift in Sources */,
				4D0635F21E5B1E6E00BE4ED1 /* DayViewController.swift in Sources */,
				4D06361C1E5B20EB00BE4ED1 /* ConditionKeyEnum.swift in Sources */,
			);
			runOnlyForDeploymentPostprocessing = 0;
		};
/* End PBXSourcesBuildPhase section */

/* Begin PBXVariantGroup section */
		4D0635F51E5B1E6E00BE4ED1 /* Main.storyboard */ = {
			isa = PBXVariantGroup;
			children = (
				4D0635F61E5B1E6E00BE4ED1 /* Base */,
			);
			name = Main.storyboard;
			sourceTree = "<group>";
		};
		4D0635FA1E5B1E6E00BE4ED1 /* LaunchScreen.storyboard */ = {
			isa = PBXVariantGroup;
			children = (
				4D0635FB1E5B1E6E00BE4ED1 /* Base */,
			);
			name = LaunchScreen.storyboard;
			sourceTree = "<group>";
		};
/* End PBXVariantGroup section */

/* Begin XCBuildConfiguration section */
		4D0636091E5B1E6E00BE4ED1 /* Debug */ = {
			isa = XCBuildConfiguration;
			buildSettings = {
				ALWAYS_SEARCH_USER_PATHS = NO;
				CLANG_ANALYZER_NONNULL = YES;
				CLANG_CXX_LANGUAGE_STANDARD = "gnu++0x";
				CLANG_CXX_LIBRARY = "libc++";
				CLANG_ENABLE_MODULES = YES;
				CLANG_ENABLE_OBJC_ARC = YES;
				CLANG_WARN_BOOL_CONVERSION = YES;
				CLANG_WARN_CONSTANT_CONVERSION = YES;
				CLANG_WARN_DIRECT_OBJC_ISA_USAGE = YES_ERROR;
				CLANG_WARN_DOCUMENTATION_COMMENTS = YES;
				CLANG_WARN_EMPTY_BODY = YES;
				CLANG_WARN_ENUM_CONVERSION = YES;
				CLANG_WARN_INFINITE_RECURSION = YES;
				CLANG_WARN_INT_CONVERSION = YES;
				CLANG_WARN_OBJC_ROOT_CLASS = YES_ERROR;
				CLANG_WARN_SUSPICIOUS_MOVE = YES;
				CLANG_WARN_UNREACHABLE_CODE = YES;
				CLANG_WARN__DUPLICATE_METHOD_MATCH = YES;
				"CODE_SIGN_IDENTITY[sdk=iphoneos*]" = "iPhone Developer";
				COPY_PHASE_STRIP = NO;
				DEBUG_INFORMATION_FORMAT = dwarf;
				ENABLE_STRICT_OBJC_MSGSEND = YES;
				ENABLE_TESTABILITY = YES;
				GCC_C_LANGUAGE_STANDARD = gnu99;
				GCC_DYNAMIC_NO_PIC = NO;
				GCC_NO_COMMON_BLOCKS = YES;
				GCC_OPTIMIZATION_LEVEL = 0;
				GCC_PREPROCESSOR_DEFINITIONS = (
					"DEBUG=1",
					"$(inherited)",
				);
				GCC_WARN_64_TO_32_BIT_CONVERSION = YES;
				GCC_WARN_ABOUT_RETURN_TYPE = YES_ERROR;
				GCC_WARN_UNDECLARED_SELECTOR = YES;
				GCC_WARN_UNINITIALIZED_AUTOS = YES_AGGRESSIVE;
				GCC_WARN_UNUSED_FUNCTION = YES;
				GCC_WARN_UNUSED_VARIABLE = YES;
				IPHONEOS_DEPLOYMENT_TARGET = 9.0;
				MTL_ENABLE_DEBUG_INFO = YES;
				ONLY_ACTIVE_ARCH = YES;
				SDKROOT = iphoneos;
				SWIFT_ACTIVE_COMPILATION_CONDITIONS = DEBUG;
				SWIFT_OPTIMIZATION_LEVEL = "-Onone";
				TARGETED_DEVICE_FAMILY = "1,2";
			};
			name = Debug;
		};
		4D06360A1E5B1E6E00BE4ED1 /* Release */ = {
			isa = XCBuildConfiguration;
			buildSettings = {
				ALWAYS_SEARCH_USER_PATHS = NO;
				CLANG_ANALYZER_NONNULL = YES;
				CLANG_CXX_LANGUAGE_STANDARD = "gnu++0x";
				CLANG_CXX_LIBRARY = "libc++";
				CLANG_ENABLE_MODULES = YES;
				CLANG_ENABLE_OBJC_ARC = YES;
				CLANG_WARN_BOOL_CONVERSION = YES;
				CLANG_WARN_CONSTANT_CONVERSION = YES;
				CLANG_WARN_DIRECT_OBJC_ISA_USAGE = YES_ERROR;
				CLANG_WARN_DOCUMENTATION_COMMENTS = YES;
				CLANG_WARN_EMPTY_BODY = YES;
				CLANG_WARN_ENUM_CONVERSION = YES;
				CLANG_WARN_INFINITE_RECURSION = YES;
				CLANG_WARN_INT_CONVERSION = YES;
				CLANG_WARN_OBJC_ROOT_CLASS = YES_ERROR;
				CLANG_WARN_SUSPICIOUS_MOVE = YES;
				CLANG_WARN_UNREACHABLE_CODE = YES;
				CLANG_WARN__DUPLICATE_METHOD_MATCH = YES;
				"CODE_SIGN_IDENTITY[sdk=iphoneos*]" = "iPhone Developer";
				COPY_PHASE_STRIP = NO;
				DEBUG_INFORMATION_FORMAT = "dwarf-with-dsym";
				ENABLE_NS_ASSERTIONS = NO;
				ENABLE_STRICT_OBJC_MSGSEND = YES;
				GCC_C_LANGUAGE_STANDARD = gnu99;
				GCC_NO_COMMON_BLOCKS = YES;
				GCC_WARN_64_TO_32_BIT_CONVERSION = YES;
				GCC_WARN_ABOUT_RETURN_TYPE = YES_ERROR;
				GCC_WARN_UNDECLARED_SELECTOR = YES;
				GCC_WARN_UNINITIALIZED_AUTOS = YES_AGGRESSIVE;
				GCC_WARN_UNUSED_FUNCTION = YES;
				GCC_WARN_UNUSED_VARIABLE = YES;
				IPHONEOS_DEPLOYMENT_TARGET = 9.0;
				MTL_ENABLE_DEBUG_INFO = NO;
				SDKROOT = iphoneos;
				SWIFT_OPTIMIZATION_LEVEL = "-Owholemodule";
				TARGETED_DEVICE_FAMILY = "1,2";
				VALIDATE_PRODUCT = YES;
			};
			name = Release;
		};
		4D06360C1E5B1E6E00BE4ED1 /* Debug */ = {
			isa = XCBuildConfiguration;
			buildSettings = {
				ASSETCATALOG_COMPILER_APPICON_NAME = AppIcon;
				DEVELOPMENT_TEAM = C9FE5BQ3MH;
				INFOPLIST_FILE = MCImagesTester/Info.plist;
				IPHONEOS_DEPLOYMENT_TARGET = 9.0;
				LD_RUNPATH_SEARCH_PATHS = "$(inherited) @executable_path/Frameworks";
				PRODUCT_BUNDLE_IDENTIFIER = com.laurent68k.ios.MCImagesTester;
				PRODUCT_NAME = "$(TARGET_NAME)";
				SWIFT_VERSION = 3.0;
			};
			name = Debug;
		};
		4D06360D1E5B1E6E00BE4ED1 /* Release */ = {
			isa = XCBuildConfiguration;
			buildSettings = {
				ASSETCATALOG_COMPILER_APPICON_NAME = AppIcon;
				DEVELOPMENT_TEAM = C9FE5BQ3MH;
				INFOPLIST_FILE = MCImagesTester/Info.plist;
				IPHONEOS_DEPLOYMENT_TARGET = 9.0;
				LD_RUNPATH_SEARCH_PATHS = "$(inherited) @executable_path/Frameworks";
				PRODUCT_BUNDLE_IDENTIFIER = com.laurent68k.ios.MCImagesTester;
				PRODUCT_NAME = "$(TARGET_NAME)";
				SWIFT_VERSION = 3.0;
			};
			name = Release;
		};
/* End XCBuildConfiguration section */

/* Begin XCConfigurationList section */
		4D0635E71E5B1E6E00BE4ED1 /* Build configuration list for PBXProject "MCImagesTester" */ = {
			isa = XCConfigurationList;
			buildConfigurations = (
				4D0636091E5B1E6E00BE4ED1 /* Debug */,
				4D06360A1E5B1E6E00BE4ED1 /* Release */,
			);
			defaultConfigurationIsVisible = 0;
			defaultConfigurationName = Release;
		};
		4D06360B1E5B1E6E00BE4ED1 /* Build configuration list for PBXNativeTarget "MCImagesTester" */ = {
			isa = XCConfigurationList;
			buildConfigurations = (
				4D06360C1E5B1E6E00BE4ED1 /* Debug */,
				4D06360D1E5B1E6E00BE4ED1 /* Release */,
			);
			defaultConfigurationIsVisible = 0;
			defaultConfigurationName = Release;
		};
/* End XCConfigurationList section */
	};
	rootObject = 4D0635E41E5B1E6E00BE4ED1 /* Project object */;
}
